
Microsoft Visual Studio Solution File, Format Version 12.00
# Visual Studio 15
VisualStudioVersion = 15.0.27703.2000
MinimumVisualStudioVersion = 10.0.40219.1
Project("{9A19103F-16F7-4668-BE54-9A1E7A4F7556}") = "ApiFilteringLibrary", "ApiFilteringLibrary\ApiFilteringLibrary.csproj", "{6F9FC9AD-41B6-40C3-B915-65B7529E0C36}"
EndProject
Project("{2150E333-8FDC-42A3-9474-1A3956D46DE8}") = "src", "src", "{38C74DB9-FB37-4D7C-8400-35406FE4D5A8}"
EndProject
Global
	GlobalSection(SolutionConfigurationPlatforms) = preSolution
		Debug|Any CPU = Debug|Any CPU
		Release|Any CPU = Release|Any CPU
	EndGlobalSection
	GlobalSection(ProjectConfigurationPlatforms) = postSolution
		{6F9FC9AD-41B6-40C3-B915-65B7529E0C36}.Debug|Any CPU.ActiveCfg = Debug|Any CPU
		{6F9FC9AD-41B6-40C3-B915-65B7529E0C36}.Debug|Any CPU.Build.0 = Debug|Any CPU
		{6F9FC9AD-41B6-40C3-B915-65B7529E0C36}.Release|Any CPU.ActiveCfg = Release|Any CPU
		{6F9FC9AD-41B6-40C3-B915-65B7529E0C36}.Release|Any CPU.Build.0 = Release|Any CPU
		{17A1A185-4EEE-4925-826A-E06CF3DEB0DB}.Debug|Any CPU.ActiveCfg = Debug|Any CPU
		{17A1A185-4EEE-4925-826A-E06CF3DEB0DB}.Debug|Any CPU.Build.0 = Debug|Any CPU
		{17A1A185-4EEE-4925-826A-E06CF3DEB0DB}.Release|Any CPU.ActiveCfg = Release|Any CPU
		{17A1A185-4EEE-4925-826A-E06CF3DEB0DB}.Release|Any CPU.Build.0 = Release|Any CPU
	EndGlobalSection
	GlobalSection(SolutionProperties) = preSolution
		HideSolutionNode = FALSE
	EndGlobalSection
	GlobalSection(NestedProjects) = preSolution
		{6F9FC9AD-41B6-40C3-B915-65B7529E0C36} = {38C74DB9-FB37-4D7C-8400-35406FE4D5A8}
		{17A1A185-4EEE-4925-826A-E06CF3DEB0DB} = {78AFC85A-BEB4-46EF-9CF5-E287C3043533}
	EndGlobalSection
	GlobalSection(ExtensibilityGlobals) = postSolution
		SolutionGuid = {2A904909-3629-4D0B-AFC8-A208C258CBA9}
	EndGlobalSection
EndGlobal
